// !$*UTF8*$!
{
	archiveVersion = 1;
	classes = {
	};
	objectVersion = 46;
	objects = {

/* Begin PBXBuildFile section */
		185A9E551825F868004B29D8 /* Version.plist in Resources */ = {isa = PBXBuildFile; fileRef = 185A9E541825F868004B29D8 /* Version.plist */; };
		185A9E5B18260432004B29D8 /* HVRMultiSentenceController.m in Sources */ = {isa = PBXBuildFile; fileRef = 185A9E5818260432004B29D8 /* HVRMultiSentenceController.m */; };
		185A9E5C18260432004B29D8 /* HVRSingleSentenceController.m in Sources */ = {isa = PBXBuildFile; fileRef = 185A9E5A18260432004B29D8 /* HVRSingleSentenceController.m */; };
		185A9E5F182604C0004B29D8 /* HVRNoUIViewController.m in Sources */ = {isa = PBXBuildFile; fileRef = 185A9E5E182604C0004B29D8 /* HVRNoUIViewController.m */; };
		185A9E621826123E004B29D8 /* Localizable.strings in Resources */ = {isa = PBXBuildFile; fileRef = 185A9E641826123E004B29D8 /* Localizable.strings */; };
		18B80185182419D400A5CD65 /* Foundation.framework in Frameworks */ = {isa = PBXBuildFile; fileRef = 18B80184182419D400A5CD65 /* Foundation.framework */; };
		18B80187182419D400A5CD65 /* CoreGraphics.framework in Frameworks */ = {isa = PBXBuildFile; fileRef = 18B80186182419D400A5CD65 /* CoreGraphics.framework */; };
		18B80189182419D400A5CD65 /* UIKit.framework in Frameworks */ = {isa = PBXBuildFile; fileRef = 18B80188182419D400A5CD65 /* UIKit.framework */; };
		18B8018F182419D400A5CD65 /* InfoPlist.strings in Resources */ = {isa = PBXBuildFile; fileRef = 18B8018D182419D400A5CD65 /* InfoPlist.strings */; };
		18B80191182419D400A5CD65 /* main.m in Sources */ = {isa = PBXBuildFile; fileRef = 18B80190182419D400A5CD65 /* main.m */; };
		18B80195182419D400A5CD65 /* HVRAppDelegate.m in Sources */ = {isa = PBXBuildFile; fileRef = 18B80194182419D400A5CD65 /* HVRAppDelegate.m */; };
		18B80198182419D400A5CD65 /* Main.storyboard in Resources */ = {isa = PBXBuildFile; fileRef = 18B80196182419D400A5CD65 /* Main.storyboard */; };
		18B801A0182419D400A5CD65 /* Images.xcassets in Resources */ = {isa = PBXBuildFile; fileRef = 18B8019F182419D400A5CD65 /* Images.xcassets */; };
		18B801A7182419D400A5CD65 /* XCTest.framework in Frameworks */ = {isa = PBXBuildFile; fileRef = 18B801A6182419D400A5CD65 /* XCTest.framework */; };
		18B801A8182419D400A5CD65 /* Foundation.framework in Frameworks */ = {isa = PBXBuildFile; fileRef = 18B80184182419D400A5CD65 /* Foundation.framework */; };
		18B801A9182419D400A5CD65 /* UIKit.framework in Frameworks */ = {isa = PBXBuildFile; fileRef = 18B80188182419D400A5CD65 /* UIKit.framework */; };
		18B801B1182419D400A5CD65 /* InfoPlist.strings in Resources */ = {isa = PBXBuildFile; fileRef = 18B801AF182419D400A5CD65 /* InfoPlist.strings */; };
		18B801B3182419D400A5CD65 /* HongVoiceRecTests.m in Sources */ = {isa = PBXBuildFile; fileRef = 18B801B2182419D400A5CD65 /* HongVoiceRecTests.m */; };
		18B801F2182510CF00A5CD65 /* ASIAuthenticationDialog.m in Sources */ = {isa = PBXBuildFile; fileRef = 18B801CF182510CF00A5CD65 /* ASIAuthenticationDialog.m */; settings = {COMPILER_FLAGS = "-fno-objc-arc"; }; };
		18B801F3182510CF00A5CD65 /* ASIDataCompressor.m in Sources */ = {isa = PBXBuildFile; fileRef = 18B801D2182510CF00A5CD65 /* ASIDataCompressor.m */; settings = {COMPILER_FLAGS = "-fno-objc-arc"; }; };
		18B801F4182510CF00A5CD65 /* ASIDataDecompressor.m in Sources */ = {isa = PBXBuildFile; fileRef = 18B801D4182510CF00A5CD65 /* ASIDataDecompressor.m */; settings = {COMPILER_FLAGS = "-fno-objc-arc"; }; };
		18B801F5182510CF00A5CD65 /* ASIDownloadCache.m in Sources */ = {isa = PBXBuildFile; fileRef = 18B801D6182510CF00A5CD65 /* ASIDownloadCache.m */; settings = {COMPILER_FLAGS = "-fno-objc-arc"; }; };
		18B801F6182510CF00A5CD65 /* ASIFormDataRequest.m in Sources */ = {isa = PBXBuildFile; fileRef = 18B801D8182510CF00A5CD65 /* ASIFormDataRequest.m */; settings = {COMPILER_FLAGS = "-fno-objc-arc"; }; };
		18B801F7182510CF00A5CD65 /* ASIHTTPRequest.m in Sources */ = {isa = PBXBuildFile; fileRef = 18B801DA182510CF00A5CD65 /* ASIHTTPRequest.m */; settings = {COMPILER_FLAGS = "-fno-objc-arc"; }; };
		18B801F8182510CF00A5CD65 /* ASIInputStream.m in Sources */ = {isa = PBXBuildFile; fileRef = 18B801DE182510CF00A5CD65 /* ASIInputStream.m */; settings = {COMPILER_FLAGS = "-fno-objc-arc"; }; };
		18B801F9182510CF00A5CD65 /* ASINetworkQueue.m in Sources */ = {isa = PBXBuildFile; fileRef = 18B801E0182510CF00A5CD65 /* ASINetworkQueue.m */; settings = {COMPILER_FLAGS = "-fno-objc-arc"; }; };
		18B801FA182510CF00A5CD65 /* Reachability.m in Sources */ = {isa = PBXBuildFile; fileRef = 18B801E3182510CF00A5CD65 /* Reachability.m */; settings = {COMPILER_FLAGS = "-fno-objc-arc"; }; };
		18B801FB182510CF00A5CD65 /* CADebugMacros.cpp in Sources */ = {isa = PBXBuildFile; fileRef = 18B801E5182510CF00A5CD65 /* CADebugMacros.cpp */; };
		18B801FC182510CF00A5CD65 /* CAStreamBasicDescription.cpp in Sources */ = {isa = PBXBuildFile; fileRef = 18B801E8182510CF00A5CD65 /* CAStreamBasicDescription.cpp */; };
		18B801FD182510CF00A5CD65 /* CAXException.cpp in Sources */ = {isa = PBXBuildFile; fileRef = 18B801EA182510CF00A5CD65 /* CAXException.cpp */; };
		18B801FE182510CF00A5CD65 /* JSONKit.m in Sources */ = {isa = PBXBuildFile; fileRef = 18B801EE182510CF00A5CD65 /* JSONKit.m */; settings = {COMPILER_FLAGS = "-fno-objc-arc"; }; };
		18B801FF182510CF00A5CD65 /* TTTAttributedLabel.m in Sources */ = {isa = PBXBuildFile; fileRef = 18B801F1182510CF00A5CD65 /* TTTAttributedLabel.m */; };
		18B80207182510FD00A5CD65 /* libBDVoiceRecognitionClient.a in Frameworks */ = {isa = PBXBuildFile; fileRef = 18B80206182510FD00A5CD65 /* libBDVoiceRecognitionClient.a */; };
		18B8020A1825119900A5CD65 /* GLKit.framework in Frameworks */ = {isa = PBXBuildFile; fileRef = 18B802091825119900A5CD65 /* GLKit.framework */; };
		18B8020C182511A100A5CD65 /* QuartzCore.framework in Frameworks */ = {isa = PBXBuildFile; fileRef = 18B8020B182511A100A5CD65 /* QuartzCore.framework */; };
		18B8020E182511B700A5CD65 /* OpenGLES.framework in Frameworks */ = {isa = PBXBuildFile; fileRef = 18B8020D182511B700A5CD65 /* OpenGLES.framework */; };
		18B802101825125D00A5CD65 /* CoreText.framework in Frameworks */ = {isa = PBXBuildFile; fileRef = 18B8020F1825125D00A5CD65 /* CoreText.framework */; };
		18B802121825126900A5CD65 /* MobileCoreServices.framework in Frameworks */ = {isa = PBXBuildFile; fileRef = 18B802111825126900A5CD65 /* MobileCoreServices.framework */; };
		18B802141825127500A5CD65 /* SystemConfiguration.framework in Frameworks */ = {isa = PBXBuildFile; fileRef = 18B802131825127500A5CD65 /* SystemConfiguration.framework */; };
		18B802161825127C00A5CD65 /* libz.1.2.5.dylib in Frameworks */ = {isa = PBXBuildFile; fileRef = 18B802151825127C00A5CD65 /* libz.1.2.5.dylib */; };
		18B802181825128500A5CD65 /* Security.framework in Frameworks */ = {isa = PBXBuildFile; fileRef = 18B802171825128500A5CD65 /* Security.framework */; };
		18B8021A1825128D00A5CD65 /* AudioToolbox.framework in Frameworks */ = {isa = PBXBuildFile; fileRef = 18B802191825128D00A5CD65 /* AudioToolbox.framework */; };
		18B8021C1825129600A5CD65 /* CFNetwork.framework in Frameworks */ = {isa = PBXBuildFile; fileRef = 18B8021B1825129600A5CD65 /* CFNetwork.framework */; };
		18B8021E182513D300A5CD65 /* BDVoiceRecognitionClientResources in Resources */ = {isa = PBXBuildFile; fileRef = 18B8021D182513D300A5CD65 /* BDVoiceRecognitionClientResources */; };
		18B8022018251EE100A5CD65 /* AVFoundation.framework in Frameworks */ = {isa = PBXBuildFile; fileRef = 18B8021F18251EE100A5CD65 /* AVFoundation.framework */; };
/* End PBXBuildFile section */

/* Begin PBXContainerItemProxy section */
		18B801AA182419D400A5CD65 /* PBXContainerItemProxy */ = {
			isa = PBXContainerItemProxy;
			containerPortal = 18B80179182419D400A5CD65 /* Project object */;
			proxyType = 1;
			remoteGlobalIDString = 18B80180182419D400A5CD65;
			remoteInfo = HongVoiceRec;
		};
/* End PBXContainerItemProxy section */

/* Begin PBXFileReference section */
		185A9E541825F868004B29D8 /* Version.plist */ = {isa = PBXFileReference; fileEncoding = 4; lastKnownFileType = text.plist.xml; name = Version.plist; path = HongVoiceRec/Resources/Version.plist; sourceTree = "<group>"; };
		185A9E5718260432004B29D8 /* HVRMultiSentenceController.h */ = {isa = PBXFileReference; fileEncoding = 4; lastKnownFileType = sourcecode.c.h; name = HVRMultiSentenceController.h; path = Controller/HVRMultiSentenceController.h; sourceTree = "<group>"; };
		185A9E5818260432004B29D8 /* HVRMultiSentenceController.m */ = {isa = PBXFileReference; fileEncoding = 4; lastKnownFileType = sourcecode.c.objc; name = HVRMultiSentenceController.m; path = Controller/HVRMultiSentenceController.m; sourceTree = "<group>"; };
		185A9E5918260432004B29D8 /* HVRSingleSentenceController.h */ = {isa = PBXFileReference; fileEncoding = 4; lastKnownFileType = sourcecode.c.h; name = HVRSingleSentenceController.h; path = Controller/HVRSingleSentenceController.h; sourceTree = "<group>"; };
		185A9E5A18260432004B29D8 /* HVRSingleSentenceController.m */ = {isa = PBXFileReference; fileEncoding = 4; lastKnownFileType = sourcecode.c.objc; name = HVRSingleSentenceController.m; path = Controller/HVRSingleSentenceController.m; sourceTree = "<group>"; };
		185A9E5D182604C0004B29D8 /* HVRNoUIViewController.h */ = {isa = PBXFileReference; fileEncoding = 4; lastKnownFileType = sourcecode.c.h; name = HVRNoUIViewController.h; path = Controller/HVRNoUIViewController.h; sourceTree = "<group>"; };
		185A9E5E182604C0004B29D8 /* HVRNoUIViewController.m */ = {isa = PBXFileReference; fileEncoding = 4; lastKnownFileType = sourcecode.c.objc; name = HVRNoUIViewController.m; path = Controller/HVRNoUIViewController.m; sourceTree = "<group>"; };
		185A9E631826123E004B29D8 /* Base */ = {isa = PBXFileReference; lastKnownFileType = text.plist.strings; name = Base; path = Base.lproj/Localizable.strings; sourceTree = "<group>"; };
		185A9E6518261241004B29D8 /* zh-Hans */ = {isa = PBXFileReference; lastKnownFileType = text.plist.strings; name = "zh-Hans"; path = "zh-Hans.lproj/Localizable.strings"; sourceTree = "<group>"; };
		18B80181182419D400A5CD65 /* HongVoiceRec.app */ = {isa = PBXFileReference; explicitFileType = wrapper.application; includeInIndex = 0; path = HongVoiceRec.app; sourceTree = BUILT_PRODUCTS_DIR; };
		18B80184182419D400A5CD65 /* Foundation.framework */ = {isa = PBXFileReference; lastKnownFileType = wrapper.framework; name = Foundation.framework; path = System/Library/Frameworks/Foundation.framework; sourceTree = SDKROOT; };
		18B80186182419D400A5CD65 /* CoreGraphics.framework */ = {isa = PBXFileReference; lastKnownFileType = wrapper.framework; name = CoreGraphics.framework; path = System/Library/Frameworks/CoreGraphics.framework; sourceTree = SDKROOT; };
		18B80188182419D400A5CD65 /* UIKit.framework */ = {isa = PBXFileReference; lastKnownFileType = wrapper.framework; name = UIKit.framework; path = System/Library/Frameworks/UIKit.framework; sourceTree = SDKROOT; };
		18B8018C182419D400A5CD65 /* HongVoiceRec-Info.plist */ = {isa = PBXFileReference; lastKnownFileType = text.plist.xml; path = "HongVoiceRec-Info.plist"; sourceTree = "<group>"; };
		18B8018E182419D400A5CD65 /* en */ = {isa = PBXFileReference; lastKnownFileType = text.plist.strings; name = en; path = en.lproj/InfoPlist.strings; sourceTree = "<group>"; };
		18B80190182419D400A5CD65 /* main.m */ = {isa = PBXFileReference; lastKnownFileType = sourcecode.c.objc; path = main.m; sourceTree = "<group>"; };
		18B80192182419D400A5CD65 /* HongVoiceRec-Prefix.pch */ = {isa = PBXFileReference; lastKnownFileType = sourcecode.c.h; path = "HongVoiceRec-Prefix.pch"; sourceTree = "<group>"; };
		18B80193182419D400A5CD65 /* HVRAppDelegate.h */ = {isa = PBXFileReference; lastKnownFileType = sourcecode.c.h; path = HVRAppDelegate.h; sourceTree = "<group>"; };
		18B80194182419D400A5CD65 /* HVRAppDelegate.m */ = {isa = PBXFileReference; lastKnownFileType = sourcecode.c.objc; path = HVRAppDelegate.m; sourceTree = "<group>"; };
		18B80197182419D400A5CD65 /* Base */ = {isa = PBXFileReference; lastKnownFileType = file.storyboard; name = Base; path = Base.lproj/Main.storyboard; sourceTree = "<group>"; };
		18B8019F182419D400A5CD65 /* Images.xcassets */ = {isa = PBXFileReference; lastKnownFileType = folder.assetcatalog; path = Images.xcassets; sourceTree = "<group>"; };
		18B801A5182419D400A5CD65 /* HongVoiceRecTests.xctest */ = {isa = PBXFileReference; explicitFileType = wrapper.cfbundle; includeInIndex = 0; path = HongVoiceRecTests.xctest; sourceTree = BUILT_PRODUCTS_DIR; };
		18B801A6182419D400A5CD65 /* XCTest.framework */ = {isa = PBXFileReference; lastKnownFileType = wrapper.framework; name = XCTest.framework; path = Library/Frameworks/XCTest.framework; sourceTree = DEVELOPER_DIR; };
		18B801AE182419D400A5CD65 /* HongVoiceRecTests-Info.plist */ = {isa = PBXFileReference; lastKnownFileType = text.plist.xml; path = "HongVoiceRecTests-Info.plist"; sourceTree = "<group>"; };
		18B801B0182419D400A5CD65 /* en */ = {isa = PBXFileReference; lastKnownFileType = text.plist.strings; name = en; path = en.lproj/InfoPlist.strings; sourceTree = "<group>"; };
		18B801B2182419D400A5CD65 /* HongVoiceRecTests.m */ = {isa = PBXFileReference; lastKnownFileType = sourcecode.c.objc; path = HongVoiceRecTests.m; sourceTree = "<group>"; };
		18B801BD18241C7900A5CD65 /* zh-Hans */ = {isa = PBXFileReference; lastKnownFileType = text.plist.strings; name = "zh-Hans"; path = "zh-Hans.lproj/InfoPlist.strings"; sourceTree = "<group>"; };
		18B801BE18241C7900A5CD65 /* zh-Hans */ = {isa = PBXFileReference; lastKnownFileType = text.plist.strings; name = "zh-Hans"; path = "zh-Hans.lproj/InfoPlist.strings"; sourceTree = "<group>"; };
		18B801C01824E04A00A5CD65 /* zh-Hans */ = {isa = PBXFileReference; lastKnownFileType = text.plist.strings; name = "zh-Hans"; path = "zh-Hans.lproj/Main.strings"; sourceTree = "<group>"; };
		18B801CE182510CF00A5CD65 /* ASIAuthenticationDialog.h */ = {isa = PBXFileReference; fileEncoding = 4; lastKnownFileType = sourcecode.c.h; path = ASIAuthenticationDialog.h; sourceTree = "<group>"; };
		18B801CF182510CF00A5CD65 /* ASIAuthenticationDialog.m */ = {isa = PBXFileReference; fileEncoding = 4; lastKnownFileType = sourcecode.c.objc; path = ASIAuthenticationDialog.m; sourceTree = "<group>"; };
		18B801D0182510CF00A5CD65 /* ASICacheDelegate.h */ = {isa = PBXFileReference; fileEncoding = 4; lastKnownFileType = sourcecode.c.h; path = ASICacheDelegate.h; sourceTree = "<group>"; };
		18B801D1182510CF00A5CD65 /* ASIDataCompressor.h */ = {isa = PBXFileReference; fileEncoding = 4; lastKnownFileType = sourcecode.c.h; path = ASIDataCompressor.h; sourceTree = "<group>"; };
		18B801D2182510CF00A5CD65 /* ASIDataCompressor.m */ = {isa = PBXFileReference; fileEncoding = 4; lastKnownFileType = sourcecode.c.objc; path = ASIDataCompressor.m; sourceTree = "<group>"; };
		18B801D3182510CF00A5CD65 /* ASIDataDecompressor.h */ = {isa = PBXFileReference; fileEncoding = 4; lastKnownFileType = sourcecode.c.h; path = ASIDataDecompressor.h; sourceTree = "<group>"; };
		18B801D4182510CF00A5CD65 /* ASIDataDecompressor.m */ = {isa = PBXFileReference; fileEncoding = 4; lastKnownFileType = sourcecode.c.objc; path = ASIDataDecompressor.m; sourceTree = "<group>"; };
		18B801D5182510CF00A5CD65 /* ASIDownloadCache.h */ = {isa = PBXFileReference; fileEncoding = 4; lastKnownFileType = sourcecode.c.h; path = ASIDownloadCache.h; sourceTree = "<group>"; };
		18B801D6182510CF00A5CD65 /* ASIDownloadCache.m */ = {isa = PBXFileReference; fileEncoding = 4; lastKnownFileType = sourcecode.c.objc; path = ASIDownloadCache.m; sourceTree = "<group>"; };
		18B801D7182510CF00A5CD65 /* ASIFormDataRequest.h */ = {isa = PBXFileReference; fileEncoding = 4; lastKnownFileType = sourcecode.c.h; path = ASIFormDataRequest.h; sourceTree = "<group>"; };
		18B801D8182510CF00A5CD65 /* ASIFormDataRequest.m */ = {isa = PBXFileReference; fileEncoding = 4; lastKnownFileType = sourcecode.c.objc; path = ASIFormDataRequest.m; sourceTree = "<group>"; };
		18B801D9182510CF00A5CD65 /* ASIHTTPRequest.h */ = {isa = PBXFileReference; fileEncoding = 4; lastKnownFileType = sourcecode.c.h; path = ASIHTTPRequest.h; sourceTree = "<group>"; };
		18B801DA182510CF00A5CD65 /* ASIHTTPRequest.m */ = {isa = PBXFileReference; fileEncoding = 4; lastKnownFileType = sourcecode.c.objc; path = ASIHTTPRequest.m; sourceTree = "<group>"; };
		18B801DB182510CF00A5CD65 /* ASIHTTPRequestConfig.h */ = {isa = PBXFileReference; fileEncoding = 4; lastKnownFileType = sourcecode.c.h; path = ASIHTTPRequestConfig.h; sourceTree = "<group>"; };
		18B801DC182510CF00A5CD65 /* ASIHTTPRequestDelegate.h */ = {isa = PBXFileReference; fileEncoding = 4; lastKnownFileType = sourcecode.c.h; path = ASIHTTPRequestDelegate.h; sourceTree = "<group>"; };
		18B801DD182510CF00A5CD65 /* ASIInputStream.h */ = {isa = PBXFileReference; fileEncoding = 4; lastKnownFileType = sourcecode.c.h; path = ASIInputStream.h; sourceTree = "<group>"; };
		18B801DE182510CF00A5CD65 /* ASIInputStream.m */ = {isa = PBXFileReference; fileEncoding = 4; lastKnownFileType = sourcecode.c.objc; path = ASIInputStream.m; sourceTree = "<group>"; };
		18B801DF182510CF00A5CD65 /* ASINetworkQueue.h */ = {isa = PBXFileReference; fileEncoding = 4; lastKnownFileType = sourcecode.c.h; path = ASINetworkQueue.h; sourceTree = "<group>"; };
		18B801E0182510CF00A5CD65 /* ASINetworkQueue.m */ = {isa = PBXFileReference; fileEncoding = 4; lastKnownFileType = sourcecode.c.objc; path = ASINetworkQueue.m; sourceTree = "<group>"; };
		18B801E1182510CF00A5CD65 /* ASIProgressDelegate.h */ = {isa = PBXFileReference; fileEncoding = 4; lastKnownFileType = sourcecode.c.h; path = ASIProgressDelegate.h; sourceTree = "<group>"; };
		18B801E2182510CF00A5CD65 /* Reachability.h */ = {isa = PBXFileReference; fileEncoding = 4; lastKnownFileType = sourcecode.c.h; path = Reachability.h; sourceTree = "<group>"; };
		18B801E3182510CF00A5CD65 /* Reachability.m */ = {isa = PBXFileReference; fileEncoding = 4; lastKnownFileType = sourcecode.c.objc; path = Reachability.m; sourceTree = "<group>"; };
		18B801E5182510CF00A5CD65 /* CADebugMacros.cpp */ = {isa = PBXFileReference; fileEncoding = 4; lastKnownFileType = sourcecode.cpp.cpp; path = CADebugMacros.cpp; sourceTree = "<group>"; };
		18B801E6182510CF00A5CD65 /* CADebugMacros.h */ = {isa = PBXFileReference; fileEncoding = 4; lastKnownFileType = sourcecode.c.h; path = CADebugMacros.h; sourceTree = "<group>"; };
		18B801E7182510CF00A5CD65 /* CAMath.h */ = {isa = PBXFileReference; fileEncoding = 4; lastKnownFileType = sourcecode.c.h; path = CAMath.h; sourceTree = "<group>"; };
		18B801E8182510CF00A5CD65 /* CAStreamBasicDescription.cpp */ = {isa = PBXFileReference; fileEncoding = 4; lastKnownFileType = sourcecode.cpp.cpp; path = CAStreamBasicDescription.cpp; sourceTree = "<group>"; };
		18B801E9182510CF00A5CD65 /* CAStreamBasicDescription.h */ = {isa = PBXFileReference; fileEncoding = 4; lastKnownFileType = sourcecode.c.h; path = CAStreamBasicDescription.h; sourceTree = "<group>"; };
		18B801EA182510CF00A5CD65 /* CAXException.cpp */ = {isa = PBXFileReference; fileEncoding = 4; lastKnownFileType = sourcecode.cpp.cpp; path = CAXException.cpp; sourceTree = "<group>"; };
		18B801EB182510CF00A5CD65 /* CAXException.h */ = {isa = PBXFileReference; fileEncoding = 4; lastKnownFileType = sourcecode.c.h; path = CAXException.h; sourceTree = "<group>"; };
		18B801ED182510CF00A5CD65 /* JSONKit.h */ = {isa = PBXFileReference; fileEncoding = 4; lastKnownFileType = sourcecode.c.h; path = JSONKit.h; sourceTree = "<group>"; };
		18B801EE182510CF00A5CD65 /* JSONKit.m */ = {isa = PBXFileReference; fileEncoding = 4; lastKnownFileType = sourcecode.c.objc; path = JSONKit.m; sourceTree = "<group>"; };
		18B801F0182510CF00A5CD65 /* TTTAttributedLabel.h */ = {isa = PBXFileReference; fileEncoding = 4; lastKnownFileType = sourcecode.c.h; path = TTTAttributedLabel.h; sourceTree = "<group>"; };
		18B801F1182510CF00A5CD65 /* TTTAttributedLabel.m */ = {isa = PBXFileReference; fileEncoding = 4; lastKnownFileType = sourcecode.c.objc; path = TTTAttributedLabel.m; sourceTree = "<group>"; };
		18B80201182510FD00A5CD65 /* BDRecognizerViewController.h */ = {isa = PBXFileReference; fileEncoding = 4; lastKnownFileType = sourcecode.c.h; path = BDRecognizerViewController.h; sourceTree = "<group>"; };
		18B80202182510FD00A5CD65 /* BDRecognizerViewDelegate.h */ = {isa = PBXFileReference; fileEncoding = 4; lastKnownFileType = sourcecode.c.h; path = BDRecognizerViewDelegate.h; sourceTree = "<group>"; };
		18B80203182510FD00A5CD65 /* BDRecognizerViewParamsObject.h */ = {isa = PBXFileReference; fileEncoding = 4; lastKnownFileType = sourcecode.c.h; path = BDRecognizerViewParamsObject.h; sourceTree = "<group>"; };
		18B80204182510FD00A5CD65 /* BDTheme.h */ = {isa = PBXFileReference; fileEncoding = 4; lastKnownFileType = sourcecode.c.h; path = BDTheme.h; sourceTree = "<group>"; };
		18B80205182510FD00A5CD65 /* BDVoiceRecognitionClient.h */ = {isa = PBXFileReference; fileEncoding = 4; lastKnownFileType = sourcecode.c.h; path = BDVoiceRecognitionClient.h; sourceTree = "<group>"; };
		18B80206182510FD00A5CD65 /* libBDVoiceRecognitionClient.a */ = {isa = PBXFileReference; lastKnownFileType = archive.ar; path = libBDVoiceRecognitionClient.a; sourceTree = "<group>"; };
		18B802091825119900A5CD65 /* GLKit.framework */ = {isa = PBXFileReference; lastKnownFileType = wrapper.framework; name = GLKit.framework; path = System/Library/Frameworks/GLKit.framework; sourceTree = SDKROOT; };
		18B8020B182511A100A5CD65 /* QuartzCore.framework */ = {isa = PBXFileReference; lastKnownFileType = wrapper.framework; name = QuartzCore.framework; path = System/Library/Frameworks/QuartzCore.framework; sourceTree = SDKROOT; };
		18B8020D182511B700A5CD65 /* OpenGLES.framework */ = {isa = PBXFileReference; lastKnownFileType = wrapper.framework; name = OpenGLES.framework; path = System/Library/Frameworks/OpenGLES.framework; sourceTree = SDKROOT; };
		18B8020F1825125D00A5CD65 /* CoreText.framework */ = {isa = PBXFileReference; lastKnownFileType = wrapper.framework; name = CoreText.framework; path = System/Library/Frameworks/CoreText.framework; sourceTree = SDKROOT; };
		18B802111825126900A5CD65 /* MobileCoreServices.framework */ = {isa = PBXFileReference; lastKnownFileType = wrapper.framework; name = MobileCoreServices.framework; path = System/Library/Frameworks/MobileCoreServices.framework; sourceTree = SDKROOT; };
		18B802131825127500A5CD65 /* SystemConfiguration.framework */ = {isa = PBXFileReference; lastKnownFileType = wrapper.framework; name = SystemConfiguration.framework; path = System/Library/Frameworks/SystemConfiguration.framework; sourceTree = SDKROOT; };
		18B802151825127C00A5CD65 /* libz.1.2.5.dylib */ = {isa = PBXFileReference; lastKnownFileType = "compiled.mach-o.dylib"; name = libz.1.2.5.dylib; path = usr/lib/libz.1.2.5.dylib; sourceTree = SDKROOT; };
		18B802171825128500A5CD65 /* Security.framework */ = {isa = PBXFileReference; lastKnownFileType = wrapper.framework; name = Security.framework; path = System/Library/Frameworks/Security.framework; sourceTree = SDKROOT; };
		18B802191825128D00A5CD65 /* AudioToolbox.framework */ = {isa = PBXFileReference; lastKnownFileType = wrapper.framework; name = AudioToolbox.framework; path = System/Library/Frameworks/AudioToolbox.framework; sourceTree = SDKROOT; };
		18B8021B1825129600A5CD65 /* CFNetwork.framework */ = {isa = PBXFileReference; lastKnownFileType = wrapper.framework; name = CFNetwork.framework; path = System/Library/Frameworks/CFNetwork.framework; sourceTree = SDKROOT; };
		18B8021D182513D300A5CD65 /* BDVoiceRecognitionClientResources */ = {isa = PBXFileReference; lastKnownFileType = folder; name = BDVoiceRecognitionClientResources; path = HongVoiceRec/Resources/BDVoiceRecognitionClientResources; sourceTree = "<group>"; };
		18B8021F18251EE100A5CD65 /* AVFoundation.framework */ = {isa = PBXFileReference; lastKnownFileType = wrapper.framework; name = AVFoundation.framework; path = System/Library/Frameworks/AVFoundation.framework; sourceTree = SDKROOT; };
/* End PBXFileReference section */

/* Begin PBXFrameworksBuildPhase section */
		18B8017E182419D400A5CD65 /* Frameworks */ = {
			isa = PBXFrameworksBuildPhase;
			buildActionMask = 2147483647;
			files = (
				18B8022018251EE100A5CD65 /* AVFoundation.framework in Frameworks */,
				18B8021C1825129600A5CD65 /* CFNetwork.framework in Frameworks */,
				18B8021A1825128D00A5CD65 /* AudioToolbox.framework in Frameworks */,
				18B802181825128500A5CD65 /* Security.framework in Frameworks */,
				18B802161825127C00A5CD65 /* libz.1.2.5.dylib in Frameworks */,
				18B802141825127500A5CD65 /* SystemConfiguration.framework in Frameworks */,
				18B802121825126900A5CD65 /* MobileCoreServices.framework in Frameworks */,
				18B802101825125D00A5CD65 /* CoreText.framework in Frameworks */,
				18B8020E182511B700A5CD65 /* OpenGLES.framework in Frameworks */,
				18B8020C182511A100A5CD65 /* QuartzCore.framework in Frameworks */,
				18B8020A1825119900A5CD65 /* GLKit.framework in Frameworks */,
				18B80207182510FD00A5CD65 /* libBDVoiceRecognitionClient.a in Frameworks */,
				18B80187182419D400A5CD65 /* CoreGraphics.framework in Frameworks */,
				18B80189182419D400A5CD65 /* UIKit.framework in Frameworks */,
				18B80185182419D400A5CD65 /* Foundation.framework in Frameworks */,
			);
			runOnlyForDeploymentPostprocessing = 0;
		};
		18B801A2182419D400A5CD65 /* Frameworks */ = {
			isa = PBXFrameworksBuildPhase;
			buildActionMask = 2147483647;
			files = (
				18B801A7182419D400A5CD65 /* XCTest.framework in Frameworks */,
				18B801A9182419D400A5CD65 /* UIKit.framework in Frameworks */,
				18B801A8182419D400A5CD65 /* Foundation.framework in Frameworks */,
			);
			runOnlyForDeploymentPostprocessing = 0;
		};
/* End PBXFrameworksBuildPhase section */

/* Begin PBXGroup section */
		185A9E56182603E4004B29D8 /* Controller */ = {
			isa = PBXGroup;
			children = (
				185A9E5718260432004B29D8 /* HVRMultiSentenceController.h */,
				185A9E5818260432004B29D8 /* HVRMultiSentenceController.m */,
				185A9E5918260432004B29D8 /* HVRSingleSentenceController.h */,
				185A9E5A18260432004B29D8 /* HVRSingleSentenceController.m */,
				185A9E5D182604C0004B29D8 /* HVRNoUIViewController.h */,
				185A9E5E182604C0004B29D8 /* HVRNoUIViewController.m */,
			);
			name = Controller;
			sourceTree = "<group>";
		};
		18B80178182419D400A5CD65 = {
			isa = PBXGroup;
			children = (
				18B801C218250F8100A5CD65 /* Resources */,
				18B8018A182419D400A5CD65 /* HongVoiceRec */,
				18B801AC182419D400A5CD65 /* HongVoiceRecTests */,
				18B80183182419D400A5CD65 /* Frameworks */,
				18B80182182419D400A5CD65 /* Products */,
			);
			sourceTree = "<group>";
		};
		18B80182182419D400A5CD65 /* Products */ = {
			isa = PBXGroup;
			children = (
				18B80181182419D400A5CD65 /* HongVoiceRec.app */,
				18B801A5182419D400A5CD65 /* HongVoiceRecTests.xctest */,
			);
			name = Products;
			sourceTree = "<group>";
		};
		18B80183182419D400A5CD65 /* Frameworks */ = {
			isa = PBXGroup;
			children = (
				18B8021F18251EE100A5CD65 /* AVFoundation.framework */,
				18B8021B1825129600A5CD65 /* CFNetwork.framework */,
				18B802191825128D00A5CD65 /* AudioToolbox.framework */,
				18B802171825128500A5CD65 /* Security.framework */,
				18B802151825127C00A5CD65 /* libz.1.2.5.dylib */,
				18B802131825127500A5CD65 /* SystemConfiguration.framework */,
				18B802111825126900A5CD65 /* MobileCoreServices.framework */,
				18B8020F1825125D00A5CD65 /* CoreText.framework */,
				18B8020D182511B700A5CD65 /* OpenGLES.framework */,
				18B8020B182511A100A5CD65 /* QuartzCore.framework */,
				18B802091825119900A5CD65 /* GLKit.framework */,
				18B80184182419D400A5CD65 /* Foundation.framework */,
				18B80186182419D400A5CD65 /* CoreGraphics.framework */,
				18B80188182419D400A5CD65 /* UIKit.framework */,
				18B801A6182419D400A5CD65 /* XCTest.framework */,
			);
			name = Frameworks;
			sourceTree = "<group>";
		};
		18B8018A182419D400A5CD65 /* HongVoiceRec */ = {
			isa = PBXGroup;
			children = (
				185A9E56182603E4004B29D8 /* Controller */,
				18B801C118250E7000A5CD65 /* Libs */,
				18B80193182419D400A5CD65 /* HVRAppDelegate.h */,
				18B80194182419D400A5CD65 /* HVRAppDelegate.m */,
				18B80196182419D400A5CD65 /* Main.storyboard */,
				18B8019F182419D400A5CD65 /* Images.xcassets */,
				18B8018B182419D400A5CD65 /* Supporting Files */,
			);
			path = HongVoiceRec;
			sourceTree = "<group>";
		};
		18B8018B182419D400A5CD65 /* Supporting Files */ = {
			isa = PBXGroup;
			children = (
				18B8018C182419D400A5CD65 /* HongVoiceRec-Info.plist */,
				18B8018D182419D400A5CD65 /* InfoPlist.strings */,
				18B80190182419D400A5CD65 /* main.m */,
				18B80192182419D400A5CD65 /* HongVoiceRec-Prefix.pch */,
				185A9E641826123E004B29D8 /* Localizable.strings */,
			);
			name = "Supporting Files";
			sourceTree = "<group>";
		};
		18B801AC182419D400A5CD65 /* HongVoiceRecTests */ = {
			isa = PBXGroup;
			children = (
				18B801B2182419D400A5CD65 /* HongVoiceRecTests.m */,
				18B801AD182419D400A5CD65 /* Supporting Files */,
			);
			path = HongVoiceRecTests;
			sourceTree = "<group>";
		};
		18B801AD182419D400A5CD65 /* Supporting Files */ = {
			isa = PBXGroup;
			children = (
				18B801AE182419D400A5CD65 /* HongVoiceRecTests-Info.plist */,
				18B801AF182419D400A5CD65 /* InfoPlist.strings */,
			);
			name = "Supporting Files";
			sourceTree = "<group>";
		};
		18B801C118250E7000A5CD65 /* Libs */ = {
			isa = PBXGroup;
			children = (
				18B80200182510FD00A5CD65 /* BaiduVRLib */,
				18B801CD182510CF00A5CD65 /* ASIHTTPRequest */,
				18B801E4182510CF00A5CD65 /* iPublicUtility */,
				18B801EC182510CF00A5CD65 /* JSONKit-master */,
				18B801EF182510CF00A5CD65 /* TTTAttributedLabel */,
			);
			name = Libs;
			sourceTree = "<group>";
		};
		18B801C218250F8100A5CD65 /* Resources */ = {
			isa = PBXGroup;
			children = (
				185A9E541825F868004B29D8 /* Version.plist */,
				18B8021D182513D300A5CD65 /* BDVoiceRecognitionClientResources */,
			);
			name = Resources;
			sourceTree = "<group>";
		};
		18B801CD182510CF00A5CD65 /* ASIHTTPRequest */ = {
			isa = PBXGroup;
			children = (
				18B801CE182510CF00A5CD65 /* ASIAuthenticationDialog.h */,
				18B801CF182510CF00A5CD65 /* ASIAuthenticationDialog.m */,
				18B801D0182510CF00A5CD65 /* ASICacheDelegate.h */,
				18B801D1182510CF00A5CD65 /* ASIDataCompressor.h */,
				18B801D2182510CF00A5CD65 /* ASIDataCompressor.m */,
				18B801D3182510CF00A5CD65 /* ASIDataDecompressor.h */,
				18B801D4182510CF00A5CD65 /* ASIDataDecompressor.m */,
				18B801D5182510CF00A5CD65 /* ASIDownloadCache.h */,
				18B801D6182510CF00A5CD65 /* ASIDownloadCache.m */,
				18B801D7182510CF00A5CD65 /* ASIFormDataRequest.h */,
				18B801D8182510CF00A5CD65 /* ASIFormDataRequest.m */,
				18B801D9182510CF00A5CD65 /* ASIHTTPRequest.h */,
				18B801DA182510CF00A5CD65 /* ASIHTTPRequest.m */,
				18B801DB182510CF00A5CD65 /* ASIHTTPRequestConfig.h */,
				18B801DC182510CF00A5CD65 /* ASIHTTPRequestDelegate.h */,
				18B801DD182510CF00A5CD65 /* ASIInputStream.h */,
				18B801DE182510CF00A5CD65 /* ASIInputStream.m */,
				18B801DF182510CF00A5CD65 /* ASINetworkQueue.h */,
				18B801E0182510CF00A5CD65 /* ASINetworkQueue.m */,
				18B801E1182510CF00A5CD65 /* ASIProgressDelegate.h */,
				18B801E2182510CF00A5CD65 /* Reachability.h */,
				18B801E3182510CF00A5CD65 /* Reachability.m */,
			);
			name = ASIHTTPRequest;
			path = Libs/ASIHTTPRequest;
			sourceTree = "<group>";
		};
		18B801E4182510CF00A5CD65 /* iPublicUtility */ = {
			isa = PBXGroup;
			children = (
				18B801E5182510CF00A5CD65 /* CADebugMacros.cpp */,
				18B801E6182510CF00A5CD65 /* CADebugMacros.h */,
				18B801E7182510CF00A5CD65 /* CAMath.h */,
				18B801E8182510CF00A5CD65 /* CAStreamBasicDescription.cpp */,
				18B801E9182510CF00A5CD65 /* CAStreamBasicDescription.h */,
				18B801EA182510CF00A5CD65 /* CAXException.cpp */,
				18B801EB182510CF00A5CD65 /* CAXException.h */,
			);
			name = iPublicUtility;
			path = Libs/iPublicUtility;
			sourceTree = "<group>";
		};
		18B801EC182510CF00A5CD65 /* JSONKit-master */ = {
			isa = PBXGroup;
			children = (
				18B801ED182510CF00A5CD65 /* JSONKit.h */,
				18B801EE182510CF00A5CD65 /* JSONKit.m */,
			);
			name = "JSONKit-master";
			path = "Libs/JSONKit-master";
			sourceTree = "<group>";
		};
		18B801EF182510CF00A5CD65 /* TTTAttributedLabel */ = {
			isa = PBXGroup;
			children = (
				18B801F0182510CF00A5CD65 /* TTTAttributedLabel.h */,
				18B801F1182510CF00A5CD65 /* TTTAttributedLabel.m */,
			);
			name = TTTAttributedLabel;
			path = Libs/TTTAttributedLabel;
			sourceTree = "<group>";
		};
		18B80200182510FD00A5CD65 /* BaiduVRLib */ = {
			isa = PBXGroup;
			children = (
				18B80201182510FD00A5CD65 /* BDRecognizerViewController.h */,
				18B80202182510FD00A5CD65 /* BDRecognizerViewDelegate.h */,
				18B80203182510FD00A5CD65 /* BDRecognizerViewParamsObject.h */,
				18B80204182510FD00A5CD65 /* BDTheme.h */,
				18B80205182510FD00A5CD65 /* BDVoiceRecognitionClient.h */,
				18B80206182510FD00A5CD65 /* libBDVoiceRecognitionClient.a */,
			);
			name = BaiduVRLib;
			path = Libs/BaiduVRLib;
			sourceTree = "<group>";
		};
/* End PBXGroup section */

/* Begin PBXNativeTarget section */
		18B80180182419D400A5CD65 /* HongVoiceRec */ = {
			isa = PBXNativeTarget;
			buildConfigurationList = 18B801B6182419D400A5CD65 /* Build configuration list for PBXNativeTarget "HongVoiceRec" */;
			buildPhases = (
				18B8017D182419D400A5CD65 /* Sources */,
				18B8017E182419D400A5CD65 /* Frameworks */,
				18B8017F182419D400A5CD65 /* Resources */,
			);
			buildRules = (
			);
			dependencies = (
			);
			name = HongVoiceRec;
			productName = HongVoiceRec;
			productReference = 18B80181182419D400A5CD65 /* HongVoiceRec.app */;
			productType = "com.apple.product-type.application";
		};
		18B801A4182419D400A5CD65 /* HongVoiceRecTests */ = {
			isa = PBXNativeTarget;
			buildConfigurationList = 18B801B9182419D400A5CD65 /* Build configuration list for PBXNativeTarget "HongVoiceRecTests" */;
			buildPhases = (
				18B801A1182419D400A5CD65 /* Sources */,
				18B801A2182419D400A5CD65 /* Frameworks */,
				18B801A3182419D400A5CD65 /* Resources */,
			);
			buildRules = (
			);
			dependencies = (
				18B801AB182419D400A5CD65 /* PBXTargetDependency */,
			);
			name = HongVoiceRecTests;
			productName = HongVoiceRecTests;
			productReference = 18B801A5182419D400A5CD65 /* HongVoiceRecTests.xctest */;
			productType = "com.apple.product-type.bundle.unit-test";
		};
/* End PBXNativeTarget section */

/* Begin PBXProject section */
		18B80179182419D400A5CD65 /* Project object */ = {
			isa = PBXProject;
			attributes = {
				CLASSPREFIX = HVR;
				LastUpgradeCheck = 0500;
				ORGANIZATIONNAME = "百度";
				TargetAttributes = {
					18B801A4182419D400A5CD65 = {
						TestTargetID = 18B80180182419D400A5CD65;
					};
				};
			};
			buildConfigurationList = 18B8017C182419D400A5CD65 /* Build configuration list for PBXProject "HongVoiceRec" */;
			compatibilityVersion = "Xcode 3.2";
			developmentRegion = English;
			hasScannedForEncodings = 0;
			knownRegions = (
				en,
				Base,
				"zh-Hans",
			);
			mainGroup = 18B80178182419D400A5CD65;
			productRefGroup = 18B80182182419D400A5CD65 /* Products */;
			projectDirPath = "";
			projectRoot = "";
			targets = (
				18B80180182419D400A5CD65 /* HongVoiceRec */,
				18B801A4182419D400A5CD65 /* HongVoiceRecTests */,
			);
		};
/* End PBXProject section */

/* Begin PBXResourcesBuildPhase section */
		18B8017F182419D400A5CD65 /* Resources */ = {
			isa = PBXResourcesBuildPhase;
			buildActionMask = 2147483647;
			files = (
				18B8021E182513D300A5CD65 /* BDVoiceRecognitionClientResources in Resources */,
				185A9E621826123E004B29D8 /* Localizable.strings in Resources */,
				185A9E551825F868004B29D8 /* Version.plist in Resources */,
				18B801A0182419D400A5CD65 /* Images.xcassets in Resources */,
				18B8018F182419D400A5CD65 /* InfoPlist.strings in Resources */,
				18B80198182419D400A5CD65 /* Main.storyboard in Resources */,
			);
			runOnlyForDeploymentPostprocessing = 0;
		};
		18B801A3182419D400A5CD65 /* Resources */ = {
			isa = PBXResourcesBuildPhase;
			buildActionMask = 2147483647;
			files = (
				18B801B1182419D400A5CD65 /* InfoPlist.strings in Resources */,
			);
			runOnlyForDeploymentPostprocessing = 0;
		};
/* End PBXResourcesBuildPhase section */

/* Begin PBXSourcesBuildPhase section */
		18B8017D182419D400A5CD65 /* Sources */ = {
			isa = PBXSourcesBuildPhase;
			buildActionMask = 2147483647;
			files = (
				185A9E5B18260432004B29D8 /* HVRMultiSentenceController.m in Sources */,
				18B801FA182510CF00A5CD65 /* Reachability.m in Sources */,
				18B801F3182510CF00A5CD65 /* ASIDataCompressor.m in Sources */,
				18B80191182419D400A5CD65 /* main.m in Sources */,
				18B801FE182510CF00A5CD65 /* JSONKit.m in Sources */,
				18B801F2182510CF00A5CD65 /* ASIAuthenticationDialog.m in Sources */,
				18B801F6182510CF00A5CD65 /* ASIFormDataRequest.m in Sources */,
				18B801F4182510CF00A5CD65 /* ASIDataDecompressor.m in Sources */,
				18B80195182419D400A5CD65 /* HVRAppDelegate.m in Sources */,
				18B801F8182510CF00A5CD65 /* ASIInputStream.m in Sources */,
				18B801F9182510CF00A5CD65 /* ASINetworkQueue.m in Sources */,
				185A9E5F182604C0004B29D8 /* HVRNoUIViewController.m in Sources */,
				18B801F7182510CF00A5CD65 /* ASIHTTPRequest.m in Sources */,
				18B801F5182510CF00A5CD65 /* ASIDownloadCache.m in Sources */,
				18B801FD182510CF00A5CD65 /* CAXException.cpp in Sources */,
				185A9E5C18260432004B29D8 /* HVRSingleSentenceController.m in Sources */,
				18B801FB182510CF00A5CD65 /* CADebugMacros.cpp in Sources */,
				18B801FC182510CF00A5CD65 /* CAStreamBasicDescription.cpp in Sources */,
				18B801FF182510CF00A5CD65 /* TTTAttributedLabel.m in Sources */,
			);
			runOnlyForDeploymentPostprocessing = 0;
		};
		18B801A1182419D400A5CD65 /* Sources */ = {
			isa = PBXSourcesBuildPhase;
			buildActionMask = 2147483647;
			files = (
				18B801B3182419D400A5CD65 /* HongVoiceRecTests.m in Sources */,
			);
			runOnlyForDeploymentPostprocessing = 0;
		};
/* End PBXSourcesBuildPhase section */

/* Begin PBXTargetDependency section */
		18B801AB182419D400A5CD65 /* PBXTargetDependency */ = {
			isa = PBXTargetDependency;
			target = 18B80180182419D400A5CD65 /* HongVoiceRec */;
			targetProxy = 18B801AA182419D400A5CD65 /* PBXContainerItemProxy */;
		};
/* End PBXTargetDependency section */

/* Begin PBXVariantGroup section */
		185A9E641826123E004B29D8 /* Localizable.strings */ = {
			isa = PBXVariantGroup;
			children = (
				185A9E631826123E004B29D8 /* Base */,
				185A9E6518261241004B29D8 /* zh-Hans */,
			);
			name = Localizable.strings;
			sourceTree = "<group>";
		};
		18B8018D182419D400A5CD65 /* InfoPlist.strings */ = {
			isa = PBXVariantGroup;
			children = (
				18B8018E182419D400A5CD65 /* en */,
				18B801BD18241C7900A5CD65 /* zh-Hans */,
			);
			name = InfoPlist.strings;
			sourceTree = "<group>";
		};
		18B80196182419D400A5CD65 /* Main.storyboard */ = {
			isa = PBXVariantGroup;
			children = (
				18B80197182419D400A5CD65 /* Base */,
				18B801C01824E04A00A5CD65 /* zh-Hans */,
			);
			name = Main.storyboard;
			sourceTree = "<group>";
		};
		18B801AF182419D400A5CD65 /* InfoPlist.strings */ = {
			isa = PBXVariantGroup;
			children = (
				18B801B0182419D400A5CD65 /* en */,
				18B801BE18241C7900A5CD65 /* zh-Hans */,
			);
			name = InfoPlist.strings;
			sourceTree = "<group>";
		};
/* End PBXVariantGroup section */

/* Begin XCBuildConfiguration section */
		18B801B4182419D400A5CD65 /* Debug */ = {
			isa = XCBuildConfiguration;
			buildSettings = {
				ALWAYS_SEARCH_USER_PATHS = NO;
				ARCHS = "$(ARCHS_STANDARD_INCLUDING_64_BIT)";
				CLANG_CXX_LANGUAGE_STANDARD = "gnu++0x";
				CLANG_CXX_LIBRARY = "libc++";
				CLANG_ENABLE_MODULES = YES;
				CLANG_ENABLE_OBJC_ARC = YES;
				CLANG_WARN_BOOL_CONVERSION = YES;
				CLANG_WARN_CONSTANT_CONVERSION = YES;
				CLANG_WARN_DIRECT_OBJC_ISA_USAGE = YES;
				CLANG_WARN_EMPTY_BODY = YES;
				CLANG_WARN_ENUM_CONVERSION = YES;
				CLANG_WARN_INT_CONVERSION = YES;
				CLANG_WARN_OBJC_ROOT_CLASS = YES_ERROR;
				CLANG_WARN__DUPLICATE_METHOD_MATCH = YES;
				"CODE_SIGN_IDENTITY[sdk=iphoneos*]" = "iPhone Developer";
				COPY_PHASE_STRIP = NO;
				GCC_C_LANGUAGE_STANDARD = gnu99;
				GCC_DYNAMIC_NO_PIC = NO;
				GCC_OPTIMIZATION_LEVEL = 0;
				GCC_PREPROCESSOR_DEFINITIONS = (
					"DEBUG=1",
					"$(inherited)",
				);
				GCC_SYMBOLS_PRIVATE_EXTERN = NO;
				GCC_WARN_64_TO_32_BIT_CONVERSION = YES;
				GCC_WARN_ABOUT_RETURN_TYPE = YES_ERROR;
				GCC_WARN_UNDECLARED_SELECTOR = YES;
				GCC_WARN_UNINITIALIZED_AUTOS = YES;
				GCC_WARN_UNUSED_FUNCTION = YES;
				GCC_WARN_UNUSED_VARIABLE = YES;
				IPHONEOS_DEPLOYMENT_TARGET = 6.0;
				ONLY_ACTIVE_ARCH = YES;
				SDKROOT = iphoneos;
			};
			name = Debug;
		};
		18B801B5182419D400A5CD65 /* Release */ = {
			isa = XCBuildConfiguration;
			buildSettings = {
				ALWAYS_SEARCH_USER_PATHS = NO;
				ARCHS = "$(ARCHS_STANDARD_INCLUDING_64_BIT)";
				CLANG_CXX_LANGUAGE_STANDARD = "gnu++0x";
				CLANG_CXX_LIBRARY = "libc++";
				CLANG_ENABLE_MODULES = YES;
				CLANG_ENABLE_OBJC_ARC = YES;
				CLANG_WARN_BOOL_CONVERSION = YES;
				CLANG_WARN_CONSTANT_CONVERSION = YES;
				CLANG_WARN_DIRECT_OBJC_ISA_USAGE = YES;
				CLANG_WARN_EMPTY_BODY = YES;
				CLANG_WARN_ENUM_CONVERSION = YES;
				CLANG_WARN_INT_CONVERSION = YES;
				CLANG_WARN_OBJC_ROOT_CLASS = YES_ERROR;
				CLANG_WARN__DUPLICATE_METHOD_MATCH = YES;
				"CODE_SIGN_IDENTITY[sdk=iphoneos*]" = "iPhone Developer";
				COPY_PHASE_STRIP = YES;
				ENABLE_NS_ASSERTIONS = NO;
				GCC_C_LANGUAGE_STANDARD = gnu99;
				GCC_WARN_64_TO_32_BIT_CONVERSION = YES;
				GCC_WARN_ABOUT_RETURN_TYPE = YES_ERROR;
				GCC_WARN_UNDECLARED_SELECTOR = YES;
				GCC_WARN_UNINITIALIZED_AUTOS = YES;
				GCC_WARN_UNUSED_FUNCTION = YES;
				GCC_WARN_UNUSED_VARIABLE = YES;
				IPHONEOS_DEPLOYMENT_TARGET = 6.0;
				SDKROOT = iphoneos;
				VALIDATE_PRODUCT = YES;
			};
			name = Release;
		};
		18B801B7182419D400A5CD65 /* Debug */ = {
			isa = XCBuildConfiguration;
			buildSettings = {
				ASSETCATALOG_COMPILER_APPICON_NAME = AppIcon;
				ASSETCATALOG_COMPILER_LAUNCHIMAGE_NAME = LaunchImage;
				FRAMEWORK_SEARCH_PATHS = (
					"$(inherited)",
					"$(DEVELOPER_FRAMEWORKS_DIR)",
				);
				GCC_PRECOMPILE_PREFIX_HEADER = YES;
				GCC_PREFIX_HEADER = "HongVoiceRec/HongVoiceRec-Prefix.pch";
				INFOPLIST_FILE = "HongVoiceRec/HongVoiceRec-Info.plist";
				LIBRARY_SEARCH_PATHS = (
					"$(inherited)",
					/Users/duanhong/projects/git/duanhong169.github.com/VoiceRec/HongVoiceRec/Libs/BaiduVRLib,
				);
				PRODUCT_NAME = "$(TARGET_NAME)";
				WRAPPER_EXTENSION = app;
			};
			name = Debug;
		};
		18B801B8182419D400A5CD65 /* Release */ = {
			isa = XCBuildConfiguration;
			buildSettings = {
				ASSETCATALOG_COMPILER_APPICON_NAME = AppIcon;
				ASSETCATALOG_COMPILER_LAUNCHIMAGE_NAME = LaunchImage;
				FRAMEWORK_SEARCH_PATHS = (
					"$(inherited)",
					"$(DEVELOPER_FRAMEWORKS_DIR)",
				);
				GCC_PRECOMPILE_PREFIX_HEADER = YES;
				GCC_PREFIX_HEADER = "HongVoiceRec/HongVoiceRec-Prefix.pch";
				INFOPLIST_FILE = "HongVoiceRec/HongVoiceRec-Info.plist";
				LIBRARY_SEARCH_PATHS = (
					"$(inherited)",
					/Users/duanhong/projects/git/duanhong169.github.com/VoiceRec/HongVoiceRec/Libs/BaiduVRLib,
				);
				PRODUCT_NAME = "$(TARGET_NAME)";
				WRAPPER_EXTENSION = app;
			};
			name = Release;
		};
		18B801BA182419D400A5CD65 /* Debug */ = {
			isa = XCBuildConfiguration;
			buildSettings = {
				ARCHS = "$(ARCHS_STANDARD_INCLUDING_64_BIT)";
				BUNDLE_LOADER = "$(BUILT_PRODUCTS_DIR)/HongVoiceRec.app/HongVoiceRec";
				FRAMEWORK_SEARCH_PATHS = (
					"$(SDKROOT)/Developer/Library/Frameworks",
					"$(inherited)",
					"$(DEVELOPER_FRAMEWORKS_DIR)",
				);
				GCC_PRECOMPILE_PREFIX_HEADER = YES;
				GCC_PREFIX_HEADER = "HongVoiceRec/HongVoiceRec-Prefix.pch";
				GCC_PREPROCESSOR_DEFINITIONS = (
					"DEBUG=1",
					"$(inherited)",
				);
				INFOPLIST_FILE = "HongVoiceRecTests/HongVoiceRecTests-Info.plist";
				PRODUCT_NAME = "$(TARGET_NAME)";
				TEST_HOST = "$(BUNDLE_LOADER)";
				WRAPPER_EXTENSION = xctest;
			};
			name = Debug;
		};
		18B801BB182419D400A5CD65 /* Release */ = {
			isa = XCBuildConfiguration;
			buildSettings = {
				ARCHS = "$(ARCHS_STANDARD_INCLUDING_64_BIT)";
				BUNDLE_LOADER = "$(BUILT_PRODUCTS_DIR)/HongVoiceRec.app/HongVoiceRec";
				FRAMEWORK_SEARCH_PATHS = (
					"$(SDKROOT)/Developer/Library/Frameworks",
					"$(inherited)",
					"$(DEVELOPER_FRAMEWORKS_DIR)",
				);
				GCC_PRECOMPILE_PREFIX_HEADER = YES;
				GCC_PREFIX_HEADER = "HongVoiceRec/HongVoiceRec-Prefix.pch";
				INFOPLIST_FILE = "HongVoiceRecTests/HongVoiceRecTests-Info.plist";
				PRODUCT_NAME = "$(TARGET_NAME)";
				TEST_HOST = "$(BUNDLE_LOADER)";
				WRAPPER_EXTENSION = xctest;
			};
			name = Release;
		};
/* End XCBuildConfiguration section */

/* Begin XCConfigurationList section */
		18B8017C182419D400A5CD65 /* Build configuration list for PBXProject "HongVoiceRec" */ = {
			isa = XCConfigurationList;
			buildConfigurations = (
				18B801B4182419D400A5CD65 /* Debug */,
				18B801B5182419D400A5CD65 /* Release */,
			);
			defaultConfigurationIsVisible = 0;
			defaultConfigurationName = Release;
		};
		18B801B6182419D400A5CD65 /* Build configuration list for PBXNativeTarget "HongVoiceRec" */ = {
			isa = XCConfigurationList;
			buildConfigurations = (
				18B801B7182419D400A5CD65 /* Debug */,
				18B801B8182419D400A5CD65 /* Release */,
			);
			defaultConfigurationIsVisible = 0;
			defaultConfigurationName = Release;
		};
		18B801B9182419D400A5CD65 /* Build configuration list for PBXNativeTarget "HongVoiceRecTests" */ = {
			isa = XCConfigurationList;
			buildConfigurations = (
				18B801BA182419D400A5CD65 /* Debug */,
				18B801BB182419D400A5CD65 /* Release */,
			);
			defaultConfigurationIsVisible = 0;
			defaultConfigurationName = Release;
		};
/* End XCConfigurationList section */
	};
	rootObject = 18B80179182419D400A5CD65 /* Project object */;
}
